
Microsoft Visual Studio Solution File, Format Version 12.00
# Visual Studio Version 17
VisualStudioVersion = 17.8.34525.116
MinimumVisualStudioVersion = 10.0.40219.1
Project("{FAE04EC0-301F-11D3-BF4B-00C04F79EFBC}") = "EjercicioTres", "EjercicioTres\EjercicioTres.csproj", "{8F6CBA7D-A07B-4B92-B8FF-A1F73993D140}"
EndProject
Global
	GlobalSection(SolutionConfigurationPlatforms) = preSolution
		Debug|Any CPU = Debug|Any CPU
		Release|Any CPU = Release|Any CPU
	EndGlobalSection
	GlobalSection(ProjectConfigurationPlatforms) = postSolution
		{8F6CBA7D-A07B-4B92-B8FF-A1F73993D140}.Debug|Any CPU.ActiveCfg = Debug|Any CPU
		{8F6CBA7D-A07B-4B92-B8FF-A1F73993D140}.Debug|Any CPU.Build.0 = Debug|Any CPU
		{8F6CBA7D-A07B-4B92-B8FF-A1F73993D140}.Release|Any CPU.ActiveCfg = Release|Any CPU
		{8F6CBA7D-A07B-4B92-B8FF-A1F73993D140}.Release|Any CPU.Build.0 = Release|Any CPU
	EndGlobalSection
	GlobalSection(SolutionProperties) = preSolution
		HideSolutionNode = FALSE
	EndGlobalSection
	GlobalSection(ExtensibilityGlobals) = postSolution
		SolutionGuid = {DAE9EE7F-D16D-40BD-886A-713D0E68679B}
	EndGlobalSection
EndGlobal
