
Microsoft Visual Studio Solution File, Format Version 12.00
# Visual Studio Version 17
VisualStudioVersion = 17.8.34525.116
MinimumVisualStudioVersion = 10.0.40219.1
Project("{FAE04EC0-301F-11D3-BF4B-00C04F79EFBC}") = "EjercicioDos", "EjercicioDos\EjercicioDos.csproj", "{1D63539B-76E3-44B8-81DE-EA7B8F2FA8B2}"
EndProject
Global
	GlobalSection(SolutionConfigurationPlatforms) = preSolution
		Debug|Any CPU = Debug|Any CPU
		Release|Any CPU = Release|Any CPU
	EndGlobalSection
	GlobalSection(ProjectConfigurationPlatforms) = postSolution
		{1D63539B-76E3-44B8-81DE-EA7B8F2FA8B2}.Debug|Any CPU.ActiveCfg = Debug|Any CPU
		{1D63539B-76E3-44B8-81DE-EA7B8F2FA8B2}.Debug|Any CPU.Build.0 = Debug|Any CPU
		{1D63539B-76E3-44B8-81DE-EA7B8F2FA8B2}.Release|Any CPU.ActiveCfg = Release|Any CPU
		{1D63539B-76E3-44B8-81DE-EA7B8F2FA8B2}.Release|Any CPU.Build.0 = Release|Any CPU
	EndGlobalSection
	GlobalSection(SolutionProperties) = preSolution
		HideSolutionNode = FALSE
	EndGlobalSection
	GlobalSection(ExtensibilityGlobals) = postSolution
		SolutionGuid = {BA1D208F-0EDA-43C3-80DC-07D4A4ECF4C8}
	EndGlobalSection
EndGlobal
